<?xml version="1.0" encoding="utf-8"?>
<Project ToolsVersion="4.0" xmlns="http://schemas.microsoft.com/developer/msbuild/2003">
  <ItemGroup>
    <Filter Include="소스 파일">
      <UniqueIdentifier>{4FC737F1-C7A5-4376-A066-2A32D752A2FF}</UniqueIdentifier>
      <Extensions>cpp;c;cc;cxx;c++;cppm;ixx;def;odl;idl;hpj;bat;asm;asmx</Extensions>
    </Filter>
    <Filter Include="헤더 파일">
      <UniqueIdentifier>{93995380-89BD-4b04-88EB-625FBE52EBFB}</UniqueIdentifier>
      <Extensions>h;hh;hpp;hxx;h++;hm;inl;inc;ipp;xsd</Extensions>
    </Filter>
    <Filter Include="리소스 파일">
      <UniqueIdentifier>{67DA6AB6-F800-4c08-8B7A-83BB121AAD01}</UniqueIdentifier>
      <Extensions>rc;ico;cur;bmp;dlg;rc2;rct;bin;rgs;gif;jpg;jpeg;jpe;resx;tiff;tif;png;wav;mfcribbon-ms</Extensions>
    </Filter>
    <Filter Include="헤더 파일\Shapes">
      <UniqueIdentifier>{909cd90a-aa24-4577-807b-4c612f4f4862}</UniqueIdentifier>
    </Filter>
    <Filter Include="소스 파일\Shapes">
      <UniqueIdentifier>{2798ec20-2243-4c74-aca3-43e23364f598}</UniqueIdentifier>
    </Filter>
    <Filter Include="헤더 파일\Entity">
      <UniqueIdentifier>{622f6986-277c-47e0-99e0-debccf693b81}</UniqueIdentifier>
    </Filter>
    <Filter Include="소스 파일\Entity">
      <UniqueIdentifier>{82d5f3b5-446c-4455-80cc-09f80c0d11c5}</UniqueIdentifier>
    </Filter>
    <Filter Include="소스 파일\Attack">
      <UniqueIdentifier>{54791b7e-ea42-453f-9d02-67b20f582900}</UniqueIdentifier>
    </Filter>
  </ItemGroup>
  <ItemGroup>
    <ClCompile Include="main.c">
      <Filter>소스 파일</Filter>
    </ClCompile>
    <ClCompile Include="Rect.c">
      <Filter>소스 파일\Shapes</Filter>
    </ClCompile>
    <ClCompile Include="Point.c">
      <Filter>소스 파일\Shapes</Filter>
    </ClCompile>
    <ClCompile Include="Screen.c">
      <Filter>소스 파일</Filter>
    </ClCompile>
    <ClCompile Include="FramePerSecond.c">
      <Filter>소스 파일</Filter>
    </ClCompile>
    <ClCompile Include="MeleeEnemy.c">
      <Filter>소스 파일\Entity</Filter>
    </ClCompile>
    <ClCompile Include="ArcherEnemy.c">
      <Filter>소스 파일\Entity</Filter>
    </ClCompile>
    <ClCompile Include="BomberEnemy.c">
      <Filter>소스 파일\Entity</Filter>
    </ClCompile>
    <ClCompile Include="Player.c">
      <Filter>소스 파일\Entity</Filter>
    </ClCompile>
    <ClCompile Include="MeleeAttack.c">
      <Filter>소스 파일\Attack</Filter>
    </ClCompile>
  </ItemGroup>
  <ItemGroup>
    <Text Include="Draw.txt">
      <Filter>소스 파일</Filter>
    </Text>
  </ItemGroup>
  <ItemGroup>
    <ClInclude Include="Rect.h">
      <Filter>헤더 파일\Shapes</Filter>
    </ClInclude>
    <ClInclude Include="Point.h">
      <Filter>헤더 파일\Shapes</Filter>
    </ClInclude>
    <ClInclude Include="Screen.h">
      <Filter>헤더 파일</Filter>
    </ClInclude>
    <ClInclude Include="FramePerSecond.h">
      <Filter>헤더 파일</Filter>
    </ClInclude>
    <ClInclude Include="Entity.h">
      <Filter>헤더 파일\Entity</Filter>
    </ClInclude>
    <ClInclude Include="Mortal.h">
      <Filter>헤더 파일\Entity</Filter>
    </ClInclude>
    <ClInclude Include="Player.h">
      <Filter>헤더 파일\Entity</Filter>
    </ClInclude>
    <ClInclude Include="MeleeEnemy.h">
      <Filter>헤더 파일\Entity</Filter>
    </ClInclude>
    <ClInclude Include="ArcherEnemy.h">
      <Filter>헤더 파일\Entity</Filter>
    </ClInclude>
    <ClInclude Include="BomberEnemy.h">
      <Filter>헤더 파일\Entity</Filter>
    </ClInclude>
    <ClInclude Include="ExperienceOrb.h">
      <Filter>헤더 파일\Entity</Filter>
    </ClInclude>
  </ItemGroup>
</Project>